// !$*UTF8*$!
{
	archiveVersion = 1;
	classes = {
	};
	objectVersion = 46;
	objects = {

/* Begin PBXBuildFile section */
		119ACD7209CEEB117F6F9310 /* libPods.a in Frameworks */ = {isa = PBXBuildFile; fileRef = 945D2C29449DD3E399708347 /* libPods.a */; };
		F61231AC1B8DFFBA00A1E7D7 /* MediaTableViewCell.m in Sources */ = {isa = PBXBuildFile; fileRef = F61231AB1B8DFFBA00A1E7D7 /* MediaTableViewCell.m */; };
		F62B6DFA1B94D3D20064DAF0 /* MediaFullScreenViewController.m in Sources */ = {isa = PBXBuildFile; fileRef = F62B6DF91B94D3D20064DAF0 /* MediaFullScreenViewController.m */; };
		F62B6DFD1B94DA8B0064DAF0 /* MediaFullScreenAnimator.m in Sources */ = {isa = PBXBuildFile; fileRef = F62B6DFC1B94DA8B0064DAF0 /* MediaFullScreenAnimator.m */; };
		F6825BEE1B8D0164006CE0AC /* User.m in Sources */ = {isa = PBXBuildFile; fileRef = F6825BED1B8D0164006CE0AC /* User.m */; };
		F6825BF11B8D0264006CE0AC /* Media.m in Sources */ = {isa = PBXBuildFile; fileRef = F6825BF01B8D0264006CE0AC /* Media.m */; };
		F6825BF41B8D03F8006CE0AC /* Comment.m in Sources */ = {isa = PBXBuildFile; fileRef = F6825BF31B8D03F8006CE0AC /* Comment.m */; };
		F6825BF71B8D0502006CE0AC /* DataSource.m in Sources */ = {isa = PBXBuildFile; fileRef = F6825BF61B8D0502006CE0AC /* DataSource.m */; };
		F6A0B2711B8CBED500EDE878 /* 1.jpg in Resources */ = {isa = PBXBuildFile; fileRef = F6A0B2671B8CBED500EDE878 /* 1.jpg */; };
		F6A0B2721B8CBED500EDE878 /* 2.jpg in Resources */ = {isa = PBXBuildFile; fileRef = F6A0B2681B8CBED500EDE878 /* 2.jpg */; };
		F6A0B2731B8CBED500EDE878 /* 3.jpg in Resources */ = {isa = PBXBuildFile; fileRef = F6A0B2691B8CBED500EDE878 /* 3.jpg */; };
		F6A0B2741B8CBED500EDE878 /* 4.jpg in Resources */ = {isa = PBXBuildFile; fileRef = F6A0B26A1B8CBED500EDE878 /* 4.jpg */; };
		F6A0B2751B8CBED500EDE878 /* 5.jpg in Resources */ = {isa = PBXBuildFile; fileRef = F6A0B26B1B8CBED500EDE878 /* 5.jpg */; };
		F6A0B2761B8CBED500EDE878 /* 6.jpg in Resources */ = {isa = PBXBuildFile; fileRef = F6A0B26C1B8CBED500EDE878 /* 6.jpg */; };
		F6A0B2771B8CBED500EDE878 /* 7.jpg in Resources */ = {isa = PBXBuildFile; fileRef = F6A0B26D1B8CBED500EDE878 /* 7.jpg */; };
		F6A0B2781B8CBED500EDE878 /* 8.jpg in Resources */ = {isa = PBXBuildFile; fileRef = F6A0B26E1B8CBED500EDE878 /* 8.jpg */; };
		F6A0B2791B8CBED500EDE878 /* 9.jpg in Resources */ = {isa = PBXBuildFile; fileRef = F6A0B26F1B8CBED500EDE878 /* 9.jpg */; };
		F6A0B27A1B8CBED500EDE878 /* 10.jpg in Resources */ = {isa = PBXBuildFile; fileRef = F6A0B2701B8CBED500EDE878 /* 10.jpg */; };
		F6A0B27D1B8CBF9500EDE878 /* ImagesTableViewController.m in Sources */ = {isa = PBXBuildFile; fileRef = F6A0B27C1B8CBF9500EDE878 /* ImagesTableViewController.m */; };
		F6A455D51B8CBC4100F27092 /* main.m in Sources */ = {isa = PBXBuildFile; fileRef = F6A455D41B8CBC4100F27092 /* main.m */; };
		F6A455D81B8CBC4100F27092 /* AppDelegate.m in Sources */ = {isa = PBXBuildFile; fileRef = F6A455D71B8CBC4100F27092 /* AppDelegate.m */; };
		F6A455E01B8CBC4100F27092 /* Images.xcassets in Resources */ = {isa = PBXBuildFile; fileRef = F6A455DF1B8CBC4100F27092 /* Images.xcassets */; };
		F6A455E31B8CBC4100F27092 /* LaunchScreen.xib in Resources */ = {isa = PBXBuildFile; fileRef = F6A455E11B8CBC4100F27092 /* LaunchScreen.xib */; };
		F6A455EF1B8CBC4100F27092 /* BlocstagramTests.m in Sources */ = {isa = PBXBuildFile; fileRef = F6A455EE1B8CBC4100F27092 /* BlocstagramTests.m */; };
		F6B6C3011B91F901003A81E5 /* LoginViewController.m in Sources */ = {isa = PBXBuildFile; fileRef = F6B6C3001B91F901003A81E5 /* LoginViewController.m */; };
/* End PBXBuildFile section */

/* Begin PBXContainerItemProxy section */
		F6A455E91B8CBC4100F27092 /* PBXContainerItemProxy */ = {
			isa = PBXContainerItemProxy;
			containerPortal = F6A455C71B8CBC4100F27092 /* Project object */;
			proxyType = 1;
			remoteGlobalIDString = F6A455CE1B8CBC4100F27092;
			remoteInfo = Blocstagram;
		};
/* End PBXContainerItemProxy section */

/* Begin PBXFileReference section */
		8625F4B2C00082FFA5EE65D9 /* Pods.debug.xcconfig */ = {isa = PBXFileReference; includeInIndex = 1; lastKnownFileType = text.xcconfig; name = Pods.debug.xcconfig; path = "Pods/Target Support Files/Pods/Pods.debug.xcconfig"; sourceTree = "<group>"; };
		945D2C29449DD3E399708347 /* libPods.a */ = {isa = PBXFileReference; explicitFileType = archive.ar; includeInIndex = 0; path = libPods.a; sourceTree = BUILT_PRODUCTS_DIR; };
		E58A5999C7F8BA9B7C08C92D /* Pods.release.xcconfig */ = {isa = PBXFileReference; includeInIndex = 1; lastKnownFileType = text.xcconfig; name = Pods.release.xcconfig; path = "Pods/Target Support Files/Pods/Pods.release.xcconfig"; sourceTree = "<group>"; };
		F61231AA1B8DFFBA00A1E7D7 /* MediaTableViewCell.h */ = {isa = PBXFileReference; fileEncoding = 4; lastKnownFileType = sourcecode.c.h; path = MediaTableViewCell.h; sourceTree = "<group>"; };
		F61231AB1B8DFFBA00A1E7D7 /* MediaTableViewCell.m */ = {isa = PBXFileReference; fileEncoding = 4; lastKnownFileType = sourcecode.c.objc; path = MediaTableViewCell.m; sourceTree = "<group>"; };
		F62B6DF81B94D3D20064DAF0 /* MediaFullScreenViewController.h */ = {isa = PBXFileReference; fileEncoding = 4; lastKnownFileType = sourcecode.c.h; path = MediaFullScreenViewController.h; sourceTree = "<group>"; };
		F62B6DF91B94D3D20064DAF0 /* MediaFullScreenViewController.m */ = {isa = PBXFileReference; fileEncoding = 4; lastKnownFileType = sourcecode.c.objc; path = MediaFullScreenViewController.m; sourceTree = "<group>"; };
		F62B6DFB1B94DA8B0064DAF0 /* MediaFullScreenAnimator.h */ = {isa = PBXFileReference; fileEncoding = 4; lastKnownFileType = sourcecode.c.h; path = MediaFullScreenAnimator.h; sourceTree = "<group>"; };
		F62B6DFC1B94DA8B0064DAF0 /* MediaFullScreenAnimator.m */ = {isa = PBXFileReference; fileEncoding = 4; lastKnownFileType = sourcecode.c.objc; path = MediaFullScreenAnimator.m; sourceTree = "<group>"; };
		F6825BEC1B8D0164006CE0AC /* User.h */ = {isa = PBXFileReference; fileEncoding = 4; lastKnownFileType = sourcecode.c.h; path = User.h; sourceTree = "<group>"; };
		F6825BED1B8D0164006CE0AC /* User.m */ = {isa = PBXFileReference; fileEncoding = 4; lastKnownFileType = sourcecode.c.objc; path = User.m; sourceTree = "<group>"; };
		F6825BEF1B8D0264006CE0AC /* Media.h */ = {isa = PBXFileReference; fileEncoding = 4; lastKnownFileType = sourcecode.c.h; path = Media.h; sourceTree = "<group>"; };
		F6825BF01B8D0264006CE0AC /* Media.m */ = {isa = PBXFileReference; fileEncoding = 4; lastKnownFileType = sourcecode.c.objc; path = Media.m; sourceTree = "<group>"; };
		F6825BF21B8D03F8006CE0AC /* Comment.h */ = {isa = PBXFileReference; fileEncoding = 4; lastKnownFileType = sourcecode.c.h; path = Comment.h; sourceTree = "<group>"; };
		F6825BF31B8D03F8006CE0AC /* Comment.m */ = {isa = PBXFileReference; fileEncoding = 4; lastKnownFileType = sourcecode.c.objc; path = Comment.m; sourceTree = "<group>"; };
		F6825BF51B8D0502006CE0AC /* DataSource.h */ = {isa = PBXFileReference; fileEncoding = 4; lastKnownFileType = sourcecode.c.h; path = DataSource.h; sourceTree = "<group>"; };
		F6825BF61B8D0502006CE0AC /* DataSource.m */ = {isa = PBXFileReference; fileEncoding = 4; lastKnownFileType = sourcecode.c.objc; path = DataSource.m; sourceTree = "<group>"; };
		F6A0B2671B8CBED500EDE878 /* 1.jpg */ = {isa = PBXFileReference; lastKnownFileType = image.jpeg; path = 1.jpg; sourceTree = "<group>"; };
		F6A0B2681B8CBED500EDE878 /* 2.jpg */ = {isa = PBXFileReference; lastKnownFileType = image.jpeg; path = 2.jpg; sourceTree = "<group>"; };
		F6A0B2691B8CBED500EDE878 /* 3.jpg */ = {isa = PBXFileReference; lastKnownFileType = image.jpeg; path = 3.jpg; sourceTree = "<group>"; };
		F6A0B26A1B8CBED500EDE878 /* 4.jpg */ = {isa = PBXFileReference; lastKnownFileType = image.jpeg; path = 4.jpg; sourceTree = "<group>"; };
		F6A0B26B1B8CBED500EDE878 /* 5.jpg */ = {isa = PBXFileReference; lastKnownFileType = image.jpeg; path = 5.jpg; sourceTree = "<group>"; };
		F6A0B26C1B8CBED500EDE878 /* 6.jpg */ = {isa = PBXFileReference; lastKnownFileType = image.jpeg; path = 6.jpg; sourceTree = "<group>"; };
		F6A0B26D1B8CBED500EDE878 /* 7.jpg */ = {isa = PBXFileReference; lastKnownFileType = image.jpeg; path = 7.jpg; sourceTree = "<group>"; };
		F6A0B26E1B8CBED500EDE878 /* 8.jpg */ = {isa = PBXFileReference; lastKnownFileType = image.jpeg; path = 8.jpg; sourceTree = "<group>"; };
		F6A0B26F1B8CBED500EDE878 /* 9.jpg */ = {isa = PBXFileReference; lastKnownFileType = image.jpeg; path = 9.jpg; sourceTree = "<group>"; };
		F6A0B2701B8CBED500EDE878 /* 10.jpg */ = {isa = PBXFileReference; lastKnownFileType = image.jpeg; path = 10.jpg; sourceTree = "<group>"; };
		F6A0B27B1B8CBF9500EDE878 /* ImagesTableViewController.h */ = {isa = PBXFileReference; fileEncoding = 4; lastKnownFileType = sourcecode.c.h; path = ImagesTableViewController.h; sourceTree = "<group>"; };
		F6A0B27C1B8CBF9500EDE878 /* ImagesTableViewController.m */ = {isa = PBXFileReference; fileEncoding = 4; lastKnownFileType = sourcecode.c.objc; path = ImagesTableViewController.m; sourceTree = "<group>"; };
		F6A455CF1B8CBC4100F27092 /* Blocstagram.app */ = {isa = PBXFileReference; explicitFileType = wrapper.application; includeInIndex = 0; path = Blocstagram.app; sourceTree = BUILT_PRODUCTS_DIR; };
		F6A455D31B8CBC4100F27092 /* Info.plist */ = {isa = PBXFileReference; lastKnownFileType = text.plist.xml; path = Info.plist; sourceTree = "<group>"; };
		F6A455D41B8CBC4100F27092 /* main.m */ = {isa = PBXFileReference; lastKnownFileType = sourcecode.c.objc; path = main.m; sourceTree = "<group>"; };
		F6A455D61B8CBC4100F27092 /* AppDelegate.h */ = {isa = PBXFileReference; lastKnownFileType = sourcecode.c.h; path = AppDelegate.h; sourceTree = "<group>"; };
		F6A455D71B8CBC4100F27092 /* AppDelegate.m */ = {isa = PBXFileReference; lastKnownFileType = sourcecode.c.objc; path = AppDelegate.m; sourceTree = "<group>"; };
		F6A455DF1B8CBC4100F27092 /* Images.xcassets */ = {isa = PBXFileReference; lastKnownFileType = folder.assetcatalog; path = Images.xcassets; sourceTree = "<group>"; };
		F6A455E21B8CBC4100F27092 /* Base */ = {isa = PBXFileReference; lastKnownFileType = file.xib; name = Base; path = Base.lproj/LaunchScreen.xib; sourceTree = "<group>"; };
		F6A455E81B8CBC4100F27092 /* BlocstagramTests.xctest */ = {isa = PBXFileReference; explicitFileType = wrapper.cfbundle; includeInIndex = 0; path = BlocstagramTests.xctest; sourceTree = BUILT_PRODUCTS_DIR; };
		F6A455ED1B8CBC4100F27092 /* Info.plist */ = {isa = PBXFileReference; lastKnownFileType = text.plist.xml; path = Info.plist; sourceTree = "<group>"; };
		F6A455EE1B8CBC4100F27092 /* BlocstagramTests.m */ = {isa = PBXFileReference; lastKnownFileType = sourcecode.c.objc; path = BlocstagramTests.m; sourceTree = "<group>"; };
		F6B6C2FF1B91F901003A81E5 /* LoginViewController.h */ = {isa = PBXFileReference; fileEncoding = 4; lastKnownFileType = sourcecode.c.h; path = LoginViewController.h; sourceTree = "<group>"; };
		F6B6C3001B91F901003A81E5 /* LoginViewController.m */ = {isa = PBXFileReference; fileEncoding = 4; lastKnownFileType = sourcecode.c.objc; path = LoginViewController.m; sourceTree = "<group>"; };
/* End PBXFileReference section */

/* Begin PBXFrameworksBuildPhase section */
		F6A455CC1B8CBC4100F27092 /* Frameworks */ = {
			isa = PBXFrameworksBuildPhase;
			buildActionMask = 2147483647;
			files = (
				119ACD7209CEEB117F6F9310 /* libPods.a in Frameworks */,
			);
			runOnlyForDeploymentPostprocessing = 0;
		};
		F6A455E51B8CBC4100F27092 /* Frameworks */ = {
			isa = PBXFrameworksBuildPhase;
			buildActionMask = 2147483647;
			files = (
			);
			runOnlyForDeploymentPostprocessing = 0;
		};
/* End PBXFrameworksBuildPhase section */

/* Begin PBXGroup section */
		463BD02807194354935D7090 /* Pods */ = {
			isa = PBXGroup;
			children = (
				8625F4B2C00082FFA5EE65D9 /* Pods.debug.xcconfig */,
				E58A5999C7F8BA9B7C08C92D /* Pods.release.xcconfig */,
			);
			name = Pods;
			sourceTree = "<group>";
		};
		91EE185E173C8478D6DC5BBE /* Frameworks */ = {
			isa = PBXGroup;
			children = (
				945D2C29449DD3E399708347 /* libPods.a */,
			);
			name = Frameworks;
			sourceTree = "<group>";
		};
		F6825BEB1B8D0139006CE0AC /* MVC */ = {
			isa = PBXGroup;
			children = (
				F6825BEC1B8D0164006CE0AC /* User.h */,
				F6825BED1B8D0164006CE0AC /* User.m */,
				F6825BEF1B8D0264006CE0AC /* Media.h */,
				F6825BF01B8D0264006CE0AC /* Media.m */,
				F6825BF21B8D03F8006CE0AC /* Comment.h */,
				F6825BF31B8D03F8006CE0AC /* Comment.m */,
				F6825BF51B8D0502006CE0AC /* DataSource.h */,
				F6825BF61B8D0502006CE0AC /* DataSource.m */,
			);
			name = MVC;
			sourceTree = "<group>";
		};
		F6A0B2661B8CBE7D00EDE878 /* Images */ = {
			isa = PBXGroup;
			children = (
				F6A0B2671B8CBED500EDE878 /* 1.jpg */,
				F6A0B2681B8CBED500EDE878 /* 2.jpg */,
				F6A0B2691B8CBED500EDE878 /* 3.jpg */,
				F6A0B26A1B8CBED500EDE878 /* 4.jpg */,
				F6A0B26B1B8CBED500EDE878 /* 5.jpg */,
				F6A0B26C1B8CBED500EDE878 /* 6.jpg */,
				F6A0B26D1B8CBED500EDE878 /* 7.jpg */,
				F6A0B26E1B8CBED500EDE878 /* 8.jpg */,
				F6A0B26F1B8CBED500EDE878 /* 9.jpg */,
				F6A0B2701B8CBED500EDE878 /* 10.jpg */,
			);
			name = Images;
			sourceTree = "<group>";
		};
		F6A455C61B8CBC4100F27092 = {
			isa = PBXGroup;
			children = (
				F6A455D11B8CBC4100F27092 /* Blocstagram */,
				F6A455EB1B8CBC4100F27092 /* BlocstagramTests */,
				F6A455D01B8CBC4100F27092 /* Products */,
				463BD02807194354935D7090 /* Pods */,
				91EE185E173C8478D6DC5BBE /* Frameworks */,
			);
			sourceTree = "<group>";
		};
		F6A455D01B8CBC4100F27092 /* Products */ = {
			isa = PBXGroup;
			children = (
				F6A455CF1B8CBC4100F27092 /* Blocstagram.app */,
				F6A455E81B8CBC4100F27092 /* BlocstagramTests.xctest */,
			);
			name = Products;
			sourceTree = "<group>";
		};
		F6A455D11B8CBC4100F27092 /* Blocstagram */ = {
			isa = PBXGroup;
			children = (
				F6825BEB1B8D0139006CE0AC /* MVC */,
				F6A0B2661B8CBE7D00EDE878 /* Images */,
				F6A455D61B8CBC4100F27092 /* AppDelegate.h */,
				F6A455D71B8CBC4100F27092 /* AppDelegate.m */,
				F6A0B27B1B8CBF9500EDE878 /* ImagesTableViewController.h */,
				F6A0B27C1B8CBF9500EDE878 /* ImagesTableViewController.m */,
				F62B6DF81B94D3D20064DAF0 /* MediaFullScreenViewController.h */,
				F62B6DF91B94D3D20064DAF0 /* MediaFullScreenViewController.m */,
				F62B6DFB1B94DA8B0064DAF0 /* MediaFullScreenAnimator.h */,
				F62B6DFC1B94DA8B0064DAF0 /* MediaFullScreenAnimator.m */,
				F61231AA1B8DFFBA00A1E7D7 /* MediaTableViewCell.h */,
				F61231AB1B8DFFBA00A1E7D7 /* MediaTableViewCell.m */,
				F6B6C2FF1B91F901003A81E5 /* LoginViewController.h */,
				F6B6C3001B91F901003A81E5 /* LoginViewController.m */,
				F6A455DF1B8CBC4100F27092 /* Images.xcassets */,
				F6A455E11B8CBC4100F27092 /* LaunchScreen.xib */,
				F6A455D21B8CBC4100F27092 /* Supporting Files */,
			);
			path = Blocstagram;
			sourceTree = "<group>";
		};
		F6A455D21B8CBC4100F27092 /* Supporting Files */ = {
			isa = PBXGroup;
			children = (
				F6A455D31B8CBC4100F27092 /* Info.plist */,
				F6A455D41B8CBC4100F27092 /* main.m */,
			);
			name = "Supporting Files";
			sourceTree = "<group>";
		};
		F6A455EB1B8CBC4100F27092 /* BlocstagramTests */ = {
			isa = PBXGroup;
			children = (
				F6A455EE1B8CBC4100F27092 /* BlocstagramTests.m */,
				F6A455EC1B8CBC4100F27092 /* Supporting Files */,
			);
			path = BlocstagramTests;
			sourceTree = "<group>";
		};
		F6A455EC1B8CBC4100F27092 /* Supporting Files */ = {
			isa = PBXGroup;
			children = (
				F6A455ED1B8CBC4100F27092 /* Info.plist */,
			);
			name = "Supporting Files";
			sourceTree = "<group>";
		};
/* End PBXGroup section */

/* Begin PBXNativeTarget section */
		F6A455CE1B8CBC4100F27092 /* Blocstagram */ = {
			isa = PBXNativeTarget;
			buildConfigurationList = F6A455F21B8CBC4100F27092 /* Build configuration list for PBXNativeTarget "Blocstagram" */;
			buildPhases = (
				E91667890BE9CE0B19752942 /* Check Pods Manifest.lock */,
				F6A455CB1B8CBC4100F27092 /* Sources */,
				F6A455CC1B8CBC4100F27092 /* Frameworks */,
				F6A455CD1B8CBC4100F27092 /* Resources */,
				9395C97753D1D83423743B54 /* Copy Pods Resources */,
			);
			buildRules = (
			);
			dependencies = (
			);
			name = Blocstagram;
			productName = Blocstagram;
			productReference = F6A455CF1B8CBC4100F27092 /* Blocstagram.app */;
			productType = "com.apple.product-type.application";
		};
		F6A455E71B8CBC4100F27092 /* BlocstagramTests */ = {
			isa = PBXNativeTarget;
			buildConfigurationList = F6A455F51B8CBC4100F27092 /* Build configuration list for PBXNativeTarget "BlocstagramTests" */;
			buildPhases = (
				F6A455E41B8CBC4100F27092 /* Sources */,
				F6A455E51B8CBC4100F27092 /* Frameworks */,
				F6A455E61B8CBC4100F27092 /* Resources */,
			);
			buildRules = (
			);
			dependencies = (
				F6A455EA1B8CBC4100F27092 /* PBXTargetDependency */,
			);
			name = BlocstagramTests;
			productName = BlocstagramTests;
			productReference = F6A455E81B8CBC4100F27092 /* BlocstagramTests.xctest */;
			productType = "com.apple.product-type.bundle.unit-test";
		};
/* End PBXNativeTarget section */

/* Begin PBXProject section */
		F6A455C71B8CBC4100F27092 /* Project object */ = {
			isa = PBXProject;
			attributes = {
				LastUpgradeCheck = 0640;
				ORGANIZATIONNAME = XoiAHin;
				TargetAttributes = {
					F6A455CE1B8CBC4100F27092 = {
						CreatedOnToolsVersion = 6.4;
					};
					F6A455E71B8CBC4100F27092 = {
						CreatedOnToolsVersion = 6.4;
						TestTargetID = F6A455CE1B8CBC4100F27092;
					};
				};
			};
			buildConfigurationList = F6A455CA1B8CBC4100F27092 /* Build configuration list for PBXProject "Blocstagram" */;
			compatibilityVersion = "Xcode 3.2";
			developmentRegion = English;
			hasScannedForEncodings = 0;
			knownRegions = (
				en,
				Base,
			);
			mainGroup = F6A455C61B8CBC4100F27092;
			productRefGroup = F6A455D01B8CBC4100F27092 /* Products */;
			projectDirPath = "";
			projectRoot = "";
			targets = (
				F6A455CE1B8CBC4100F27092 /* Blocstagram */,
				F6A455E71B8CBC4100F27092 /* BlocstagramTests */,
			);
		};
/* End PBXProject section */

/* Begin PBXResourcesBuildPhase section */
		F6A455CD1B8CBC4100F27092 /* Resources */ = {
			isa = PBXResourcesBuildPhase;
			buildActionMask = 2147483647;
			files = (
				F6A0B2791B8CBED500EDE878 /* 9.jpg in Resources */,
				F6A0B2781B8CBED500EDE878 /* 8.jpg in Resources */,
				F6A0B2741B8CBED500EDE878 /* 4.jpg in Resources */,
				F6A0B2731B8CBED500EDE878 /* 3.jpg in Resources */,
				F6A0B2761B8CBED500EDE878 /* 6.jpg in Resources */,
				F6A0B2711B8CBED500EDE878 /* 1.jpg in Resources */,
				F6A455E31B8CBC4100F27092 /* LaunchScreen.xib in Resources */,
				F6A0B2751B8CBED500EDE878 /* 5.jpg in Resources */,
				F6A0B2771B8CBED500EDE878 /* 7.jpg in Resources */,
				F6A0B2721B8CBED500EDE878 /* 2.jpg in Resources */,
				F6A0B27A1B8CBED500EDE878 /* 10.jpg in Resources */,
				F6A455E01B8CBC4100F27092 /* Images.xcassets in Resources */,
			);
			runOnlyForDeploymentPostprocessing = 0;
		};
		F6A455E61B8CBC4100F27092 /* Resources */ = {
			isa = PBXResourcesBuildPhase;
			buildActionMask = 2147483647;
			files = (
			);
			runOnlyForDeploymentPostprocessing = 0;
		};
/* End PBXResourcesBuildPhase section */

/* Begin PBXShellScriptBuildPhase section */
		9395C97753D1D83423743B54 /* Copy Pods Resources */ = {
			isa = PBXShellScriptBuildPhase;
			buildActionMask = 2147483647;
			files = (
			);
			inputPaths = (
			);
			name = "Copy Pods Resources";
			outputPaths = (
			);
			runOnlyForDeploymentPostprocessing = 0;
			shellPath = /bin/sh;
			shellScript = "\"${SRCROOT}/Pods/Target Support Files/Pods/Pods-resources.sh\"\n";
			showEnvVarsInLog = 0;
		};
		E91667890BE9CE0B19752942 /* Check Pods Manifest.lock */ = {
			isa = PBXShellScriptBuildPhase;
			buildActionMask = 2147483647;
			files = (
			);
			inputPaths = (
			);
			name = "Check Pods Manifest.lock";
			outputPaths = (
			);
			runOnlyForDeploymentPostprocessing = 0;
			shellPath = /bin/sh;
			shellScript = "diff \"${PODS_ROOT}/../Podfile.lock\" \"${PODS_ROOT}/Manifest.lock\" > /dev/null\nif [[ $? != 0 ]] ; then\n    cat << EOM\nerror: The sandbox is not in sync with the Podfile.lock. Run 'pod install' or update your CocoaPods installation.\nEOM\n    exit 1\nfi\n";
			showEnvVarsInLog = 0;
		};
/* End PBXShellScriptBuildPhase section */

/* Begin PBXSourcesBuildPhase section */
		F6A455CB1B8CBC4100F27092 /* Sources */ = {
			isa = PBXSourcesBuildPhase;
			buildActionMask = 2147483647;
			files = (
				F62B6DFA1B94D3D20064DAF0 /* MediaFullScreenViewController.m in Sources */,
				F6825BEE1B8D0164006CE0AC /* User.m in Sources */,
				F6825BF41B8D03F8006CE0AC /* Comment.m in Sources */,
				F61231AC1B8DFFBA00A1E7D7 /* MediaTableViewCell.m in Sources */,
				F62B6DFD1B94DA8B0064DAF0 /* MediaFullScreenAnimator.m in Sources */,
				F6825BF11B8D0264006CE0AC /* Media.m in Sources */,
				F6A455D81B8CBC4100F27092 /* AppDelegate.m in Sources */,
				F6B6C3011B91F901003A81E5 /* LoginViewController.m in Sources */,
				F6825BF71B8D0502006CE0AC /* DataSource.m in Sources */,
				F6A455D51B8CBC4100F27092 /* main.m in Sources */,
				F6A0B27D1B8CBF9500EDE878 /* ImagesTableViewController.m in Sources */,
			);
			runOnlyForDeploymentPostprocessing = 0;
		};
		F6A455E41B8CBC4100F27092 /* Sources */ = {
			isa = PBXSourcesBuildPhase;
			buildActionMask = 2147483647;
			files = (
				F6A455EF1B8CBC4100F27092 /* BlocstagramTests.m in Sources */,
			);
			runOnlyForDeploymentPostprocessing = 0;
		};
/* End PBXSourcesBuildPhase section */

/* Begin PBXTargetDependency section */
		F6A455EA1B8CBC4100F27092 /* PBXTargetDependency */ = {
			isa = PBXTargetDependency;
			target = F6A455CE1B8CBC4100F27092 /* Blocstagram */;
			targetProxy = F6A455E91B8CBC4100F27092 /* PBXContainerItemProxy */;
		};
/* End PBXTargetDependency section */

/* Begin PBXVariantGroup section */
		F6A455E11B8CBC4100F27092 /* LaunchScreen.xib */ = {
			isa = PBXVariantGroup;
			children = (
				F6A455E21B8CBC4100F27092 /* Base */,
			);
			name = LaunchScreen.xib;
			sourceTree = "<group>";
		};
/* End PBXVariantGroup section */

/* Begin XCBuildConfiguration section */
		F6A455F01B8CBC4100F27092 /* Debug */ = {
			isa = XCBuildConfiguration;
			buildSettings = {
				ALWAYS_SEARCH_USER_PATHS = NO;
				CLANG_CXX_LANGUAGE_STANDARD = "gnu++0x";
				CLANG_CXX_LIBRARY = "libc++";
				CLANG_ENABLE_MODULES = YES;
				CLANG_ENABLE_OBJC_ARC = YES;
				CLANG_WARN_BOOL_CONVERSION = YES;
				CLANG_WARN_CONSTANT_CONVERSION = YES;
				CLANG_WARN_DIRECT_OBJC_ISA_USAGE = YES_ERROR;
				CLANG_WARN_EMPTY_BODY = YES;
				CLANG_WARN_ENUM_CONVERSION = YES;
				CLANG_WARN_INT_CONVERSION = YES;
				CLANG_WARN_OBJC_ROOT_CLASS = YES_ERROR;
				CLANG_WARN_UNREACHABLE_CODE = YES;
				CLANG_WARN__DUPLICATE_METHOD_MATCH = YES;
				"CODE_SIGN_IDENTITY[sdk=iphoneos*]" = "iPhone Developer";
				COPY_PHASE_STRIP = NO;
				DEBUG_INFORMATION_FORMAT = "dwarf-with-dsym";
				ENABLE_STRICT_OBJC_MSGSEND = YES;
				GCC_C_LANGUAGE_STANDARD = gnu99;
				GCC_DYNAMIC_NO_PIC = NO;
				GCC_NO_COMMON_BLOCKS = YES;
				GCC_OPTIMIZATION_LEVEL = 0;
				GCC_PREPROCESSOR_DEFINITIONS = (
					"DEBUG=1",
					"$(inherited)",
				);
				GCC_SYMBOLS_PRIVATE_EXTERN = NO;
				GCC_WARN_64_TO_32_BIT_CONVERSION = YES;
				GCC_WARN_ABOUT_RETURN_TYPE = YES_ERROR;
				GCC_WARN_UNDECLARED_SELECTOR = YES;
				GCC_WARN_UNINITIALIZED_AUTOS = YES_AGGRESSIVE;
				GCC_WARN_UNUSED_FUNCTION = YES;
				GCC_WARN_UNUSED_VARIABLE = YES;
				IPHONEOS_DEPLOYMENT_TARGET = 8.4;
				MTL_ENABLE_DEBUG_INFO = YES;
				ONLY_ACTIVE_ARCH = YES;
				SDKROOT = iphoneos;
				TARGETED_DEVICE_FAMILY = "1,2";
			};
			name = Debug;
		};
		F6A455F11B8CBC4100F27092 /* Release */ = {
			isa = XCBuildConfiguration;
			buildSettings = {
				ALWAYS_SEARCH_USER_PATHS = NO;
				CLANG_CXX_LANGUAGE_STANDARD = "gnu++0x";
				CLANG_CXX_LIBRARY = "libc++";
				CLANG_ENABLE_MODULES = YES;
				CLANG_ENABLE_OBJC_ARC = YES;
				CLANG_WARN_BOOL_CONVERSION = YES;
				CLANG_WARN_CONSTANT_CONVERSION = YES;
				CLANG_WARN_DIRECT_OBJC_ISA_USAGE = YES_ERROR;
				CLANG_WARN_EMPTY_BODY = YES;
				CLANG_WARN_ENUM_CONVERSION = YES;
				CLANG_WARN_INT_CONVERSION = YES;
				CLANG_WARN_OBJC_ROOT_CLASS = YES_ERROR;
				CLANG_WARN_UNREACHABLE_CODE = YES;
				CLANG_WARN__DUPLICATE_METHOD_MATCH = YES;
				"CODE_SIGN_IDENTITY[sdk=iphoneos*]" = "iPhone Developer";
				COPY_PHASE_STRIP = NO;
				DEBUG_INFORMATION_FORMAT = "dwarf-with-dsym";
				ENABLE_NS_ASSERTIONS = NO;
				ENABLE_STRICT_OBJC_MSGSEND = YES;
				GCC_C_LANGUAGE_STANDARD = gnu99;
				GCC_NO_COMMON_BLOCKS = YES;
				GCC_WARN_64_TO_32_BIT_CONVERSION = YES;
				GCC_WARN_ABOUT_RETURN_TYPE = YES_ERROR;
				GCC_WARN_UNDECLARED_SELECTOR = YES;
				GCC_WARN_UNINITIALIZED_AUTOS = YES_AGGRESSIVE;
				GCC_WARN_UNUSED_FUNCTION = YES;
				GCC_WARN_UNUSED_VARIABLE = YES;
				IPHONEOS_DEPLOYMENT_TARGET = 8.4;
				MTL_ENABLE_DEBUG_INFO = NO;
				SDKROOT = iphoneos;
				TARGETED_DEVICE_FAMILY = "1,2";
				VALIDATE_PRODUCT = YES;
			};
			name = Release;
		};
		F6A455F31B8CBC4100F27092 /* Debug */ = {
			isa = XCBuildConfiguration;
			baseConfigurationReference = 8625F4B2C00082FFA5EE65D9 /* Pods.debug.xcconfig */;
			buildSettings = {
				ASSETCATALOG_COMPILER_APPICON_NAME = AppIcon;
				INFOPLIST_FILE = Blocstagram/Info.plist;
				LD_RUNPATH_SEARCH_PATHS = "$(inherited) @executable_path/Frameworks";
				PRODUCT_NAME = "$(TARGET_NAME)";
			};
			name = Debug;
		};
		F6A455F41B8CBC4100F27092 /* Release */ = {
			isa = XCBuildConfiguration;
			baseConfigurationReference = E58A5999C7F8BA9B7C08C92D /* Pods.release.xcconfig */;
			buildSettings = {
				ASSETCATALOG_COMPILER_APPICON_NAME = AppIcon;
				INFOPLIST_FILE = Blocstagram/Info.plist;
				LD_RUNPATH_SEARCH_PATHS = "$(inherited) @executable_path/Frameworks";
				PRODUCT_NAME = "$(TARGET_NAME)";
			};
			name = Release;
		};
		F6A455F61B8CBC4100F27092 /* Debug */ = {
			isa = XCBuildConfiguration;
			buildSettings = {
				BUNDLE_LOADER = "$(TEST_HOST)";
				FRAMEWORK_SEARCH_PATHS = (
					"$(SDKROOT)/Developer/Library/Frameworks",
					"$(inherited)",
				);
				GCC_PREPROCESSOR_DEFINITIONS = (
					"DEBUG=1",
					"$(inherited)",
				);
				INFOPLIST_FILE = BlocstagramTests/Info.plist;
				LD_RUNPATH_SEARCH_PATHS = "$(inherited) @executable_path/Frameworks @loader_path/Frameworks";
				PRODUCT_NAME = "$(TARGET_NAME)";
				TEST_HOST = "$(BUILT_PRODUCTS_DIR)/Blocstagram.app/Blocstagram";
			};
			name = Debug;
		};
		F6A455F71B8CBC4100F27092 /* Release */ = {
			isa = XCBuildConfiguration;
			buildSettings = {
				BUNDLE_LOADER = "$(TEST_HOST)";
				FRAMEWORK_SEARCH_PATHS = (
					"$(SDKROOT)/Developer/Library/Frameworks",
					"$(inherited)",
				);
				INFOPLIST_FILE = BlocstagramTests/Info.plist;
				LD_RUNPATH_SEARCH_PATHS = "$(inherited) @executable_path/Frameworks @loader_path/Frameworks";
				PRODUCT_NAME = "$(TARGET_NAME)";
				TEST_HOST = "$(BUILT_PRODUCTS_DIR)/Blocstagram.app/Blocstagram";
			};
			name = Release;
		};
/* End XCBuildConfiguration section */

/* Begin XCConfigurationList section */
		F6A455CA1B8CBC4100F27092 /* Build configuration list for PBXProject "Blocstagram" */ = {
			isa = XCConfigurationList;
			buildConfigurations = (
				F6A455F01B8CBC4100F27092 /* Debug */,
				F6A455F11B8CBC4100F27092 /* Release */,
			);
			defaultConfigurationIsVisible = 0;
			defaultConfigurationName = Release;
		};
		F6A455F21B8CBC4100F27092 /* Build configuration list for PBXNativeTarget "Blocstagram" */ = {
			isa = XCConfigurationList;
			buildConfigurations = (
				F6A455F31B8CBC4100F27092 /* Debug */,
				F6A455F41B8CBC4100F27092 /* Release */,
			);
			defaultConfigurationIsVisible = 0;
			defaultConfigurationName = Release;
		};
		F6A455F51B8CBC4100F27092 /* Build configuration list for PBXNativeTarget "BlocstagramTests" */ = {
			isa = XCConfigurationList;
			buildConfigurations = (
				F6A455F61B8CBC4100F27092 /* Debug */,
				F6A455F71B8CBC4100F27092 /* Release */,
			);
			defaultConfigurationIsVisible = 0;
			defaultConfigurationName = Release;
		};
/* End XCConfigurationList section */
	};
	rootObject = F6A455C71B8CBC4100F27092 /* Project object */;
}
